// !$*UTF8*$!
{
	archiveVersion = 1;
	classes = {
	};
	objectVersion = 46;
	objects = {

/* Begin PBXBuildFile section */
		830605DF1329A4630076F243 /* Cocoa.framework in Frameworks */ = {isa = PBXBuildFile; fileRef = 830605DE1329A4630076F243 /* Cocoa.framework */; };
		830605EC1329A4630076F243 /* main.m in Sources */ = {isa = PBXBuildFile; fileRef = 830605EB1329A4630076F243 /* main.m */; };
		830606001329A5060076F243 /* main.rb in Resources */ = {isa = PBXBuildFile; fileRef = 830605FF1329A5060076F243 /* main.rb */; };
		830606041329A52C0076F243 /* Icon.icns in Resources */ = {isa = PBXBuildFile; fileRef = 830606031329A52C0076F243 /* Icon.icns */; };
		830606061329A5670076F243 /* MacRuby.framework in Frameworks */ = {isa = PBXBuildFile; fileRef = 830606051329A5670076F243 /* MacRuby.framework */; };
		8319A2AD132B7F33000531C3 /* SubmitPage.rb in Resources */ = {isa = PBXBuildFile; fileRef = 8319A2A5132B7F33000531C3 /* SubmitPage.rb */; };
		8319A2AE132B7F33000531C3 /* TagPage.rb in Resources */ = {isa = PBXBuildFile; fileRef = 8319A2A6132B7F33000531C3 /* TagPage.rb */; };
		8319A2AF132B7F33000531C3 /* Template.rb in Resources */ = {isa = PBXBuildFile; fileRef = 8319A2A7132B7F33000531C3 /* Template.rb */; };
		8319A2B0132B7F33000531C3 /* TemplateContext.rb in Resources */ = {isa = PBXBuildFile; fileRef = 8319A2A8132B7F33000531C3 /* TemplateContext.rb */; };
		8319A2B1132B7F33000531C3 /* TextPost.rb in Resources */ = {isa = PBXBuildFile; fileRef = 8319A2A9132B7F33000531C3 /* TextPost.rb */; };
		8319A2B2132B7F33000531C3 /* UserTemplate.rb in Resources */ = {isa = PBXBuildFile; fileRef = 8319A2AA132B7F33000531C3 /* UserTemplate.rb */; };
		8319A2B3132B7F33000531C3 /* VideoPost.rb in Resources */ = {isa = PBXBuildFile; fileRef = 8319A2AB132B7F33000531C3 /* VideoPost.rb */; };
		8319A2B4132B7F33000531C3 /* WebView.rb in Resources */ = {isa = PBXBuildFile; fileRef = 8319A2AC132B7F33000531C3 /* WebView.rb */; };
		8319A2C5132B7F4A000531C3 /* DropIconView.rb in Resources */ = {isa = PBXBuildFile; fileRef = 8319A2B5132B7F4A000531C3 /* DropIconView.rb */; };
		8319A2C6132B7F4A000531C3 /* DropView.rb in Resources */ = {isa = PBXBuildFile; fileRef = 8319A2B6132B7F4A000531C3 /* DropView.rb */; };
		8319A2C7132B7F4A000531C3 /* Engine.rb in Resources */ = {isa = PBXBuildFile; fileRef = 8319A2B7132B7F4A000531C3 /* Engine.rb */; };
		8319A2C8132B7F4A000531C3 /* Generator.rb in Resources */ = {isa = PBXBuildFile; fileRef = 8319A2B8132B7F4A000531C3 /* Generator.rb */; };
		8319A2C9132B7F4A000531C3 /* helpers.rb in Resources */ = {isa = PBXBuildFile; fileRef = 8319A2B9132B7F4A000531C3 /* helpers.rb */; };
		8319A2CA132B7F4A000531C3 /* IndexPage.rb in Resources */ = {isa = PBXBuildFile; fileRef = 8319A2BA132B7F4A000531C3 /* IndexPage.rb */; };
		8319A2CB132B7F4A000531C3 /* LinkPost.rb in Resources */ = {isa = PBXBuildFile; fileRef = 8319A2BB132B7F4A000531C3 /* LinkPost.rb */; };
		8319A2CC132B7F4A000531C3 /* MainWindow.rb in Resources */ = {isa = PBXBuildFile; fileRef = 8319A2BC132B7F4A000531C3 /* MainWindow.rb */; };
		8319A2CD132B7F4A000531C3 /* Page.rb in Resources */ = {isa = PBXBuildFile; fileRef = 8319A2BD132B7F4A000531C3 /* Page.rb */; };
		8319A2CE132B7F4A000531C3 /* Parser.rb in Resources */ = {isa = PBXBuildFile; fileRef = 8319A2BE132B7F4A000531C3 /* Parser.rb */; };
		8319A2CF132B7F4A000531C3 /* PermalinkPage.rb in Resources */ = {isa = PBXBuildFile; fileRef = 8319A2BF132B7F4A000531C3 /* PermalinkPage.rb */; };
		8319A2D0132B7F4A000531C3 /* PhotoPost.rb in Resources */ = {isa = PBXBuildFile; fileRef = 8319A2C0132B7F4A000531C3 /* PhotoPost.rb */; };
		8319A2D1132B7F4A000531C3 /* Post.rb in Resources */ = {isa = PBXBuildFile; fileRef = 8319A2C1132B7F4A000531C3 /* Post.rb */; };
		8319A2D2132B7F4A000531C3 /* QuotePost.rb in Resources */ = {isa = PBXBuildFile; fileRef = 8319A2C2132B7F4A000531C3 /* QuotePost.rb */; };
		8319A2D3132B7F4A000531C3 /* ScopeFilter.rb in Resources */ = {isa = PBXBuildFile; fileRef = 8319A2C3132B7F4A000531C3 /* ScopeFilter.rb */; };
		8319A2D4132B7F4A000531C3 /* SearchPage.rb in Resources */ = {isa = PBXBuildFile; fileRef = 8319A2C4132B7F4A000531C3 /* SearchPage.rb */; };
		8319A2DF132B7F51000531C3 /* AnswerPost.rb in Resources */ = {isa = PBXBuildFile; fileRef = 8319A2D5132B7F51000531C3 /* AnswerPost.rb */; };
		8319A2E0132B7F51000531C3 /* AppController.rb in Resources */ = {isa = PBXBuildFile; fileRef = 8319A2D6132B7F51000531C3 /* AppController.rb */; };
		8319A2E1132B7F51000531C3 /* AppDelegate.rb in Resources */ = {isa = PBXBuildFile; fileRef = 8319A2D7132B7F51000531C3 /* AppDelegate.rb */; };
		8319A2E2132B7F51000531C3 /* AskPage.rb in Resources */ = {isa = PBXBuildFile; fileRef = 8319A2D8132B7F51000531C3 /* AskPage.rb */; };
		8319A2E3132B7F51000531C3 /* AudioPost.rb in Resources */ = {isa = PBXBuildFile; fileRef = 8319A2D9132B7F51000531C3 /* AudioPost.rb */; };
		8319A2E4132B7F51000531C3 /* BlockFilter.rb in Resources */ = {isa = PBXBuildFile; fileRef = 8319A2DA132B7F51000531C3 /* BlockFilter.rb */; };
		8319A2E5132B7F51000531C3 /* ChatPost.rb in Resources */ = {isa = PBXBuildFile; fileRef = 8319A2DB132B7F51000531C3 /* ChatPost.rb */; };
		8319A2E6132B7F51000531C3 /* CoreExt.rb in Resources */ = {isa = PBXBuildFile; fileRef = 8319A2DC132B7F51000531C3 /* CoreExt.rb */; };
		8319A2E7132B7F51000531C3 /* CustomPage.rb in Resources */ = {isa = PBXBuildFile; fileRef = 8319A2DD132B7F51000531C3 /* CustomPage.rb */; };
		8319A2E8132B7F51000531C3 /* DayPage.rb in Resources */ = {isa = PBXBuildFile; fileRef = 8319A2DE132B7F51000531C3 /* DayPage.rb */; };
/* End PBXBuildFile section */

/* Begin PBXFileReference section */
		830605DA1329A4630076F243 /* Rollr.app */ = {isa = PBXFileReference; explicitFileType = wrapper.application; includeInIndex = 0; path = Rollr.app; sourceTree = BUILT_PRODUCTS_DIR; };
		830605DE1329A4630076F243 /* Cocoa.framework */ = {isa = PBXFileReference; lastKnownFileType = wrapper.framework; name = Cocoa.framework; path = System/Library/Frameworks/Cocoa.framework; sourceTree = SDKROOT; };
		830605E11329A4630076F243 /* AppKit.framework */ = {isa = PBXFileReference; lastKnownFileType = wrapper.framework; name = AppKit.framework; path = System/Library/Frameworks/AppKit.framework; sourceTree = SDKROOT; };
		830605E31329A4630076F243 /* Foundation.framework */ = {isa = PBXFileReference; lastKnownFileType = wrapper.framework; name = Foundation.framework; path = System/Library/Frameworks/Foundation.framework; sourceTree = SDKROOT; };
		830605EB1329A4630076F243 /* main.m */ = {isa = PBXFileReference; lastKnownFileType = sourcecode.c.objc; path = main.m; sourceTree = "<group>"; };
		830605FF1329A5060076F243 /* main.rb */ = {isa = PBXFileReference; fileEncoding = 4; lastKnownFileType = text.script.ruby; path = main.rb; sourceTree = "<group>"; };
		830606011329A5240076F243 /* Info.plist */ = {isa = PBXFileReference; fileEncoding = 4; lastKnownFileType = text.plist; path = Info.plist; sourceTree = "<group>"; };
		830606031329A52C0076F243 /* Icon.icns */ = {isa = PBXFileReference; lastKnownFileType = image.icns; path = Icon.icns; sourceTree = "<group>"; };
		830606051329A5670076F243 /* MacRuby.framework */ = {isa = PBXFileReference; lastKnownFileType = wrapper.framework; name = MacRuby.framework; path = SDKs/MacOSX10.6.sdk/Library/Frameworks/MacRuby.framework; sourceTree = DEVELOPER_DIR; };
		8306060D1329A60F0076F243 /* Gemfile */ = {isa = PBXFileReference; explicitFileType = text.script.ruby; fileEncoding = 4; path = Gemfile; sourceTree = "<group>"; };
		830606A71329C6860076F243 /* spec_helper.rb */ = {isa = PBXFileReference; lastKnownFileType = text.script.ruby; path = spec_helper.rb; sourceTree = "<group>"; };
		830606AA1329C6860076F243 /* dearcoketalk.json */ = {isa = PBXFileReference; lastKnownFileType = text; path = dearcoketalk.json; sourceTree = "<group>"; };
		830606AB1329C6860076F243 /* hacker.json */ = {isa = PBXFileReference; lastKnownFileType = text; path = hacker.json; sourceTree = "<group>"; };
		830606AC1329C6860076F243 /* manicalrage.json */ = {isa = PBXFileReference; lastKnownFileType = text; path = manicalrage.json; sourceTree = "<group>"; };
		830606AD1329C6860076F243 /* marco.json */ = {isa = PBXFileReference; lastKnownFileType = text; path = marco.json; sourceTree = "<group>"; };
		830606AE1329C6860076F243 /* merlin.json */ = {isa = PBXFileReference; lastKnownFileType = text; path = merlin.json; sourceTree = "<group>"; };
		830606AF1329C6860076F243 /* poacher.json */ = {isa = PBXFileReference; lastKnownFileType = text; path = poacher.json; sourceTree = "<group>"; };
		830606B01329C6860076F243 /* staff.json */ = {isa = PBXFileReference; lastKnownFileType = text; path = staff.json; sourceTree = "<group>"; };
		830606B21329C6860076F243 /* basic_variables_spec.rb */ = {isa = PBXFileReference; lastKnownFileType = text.script.ruby; path = basic_variables_spec.rb; sourceTree = "<group>"; };
		830606B41329C6860076F243 /* index_spec.rb */ = {isa = PBXFileReference; lastKnownFileType = text.script.ruby; path = index_spec.rb; sourceTree = "<group>"; };
		830606B51329C6860076F243 /* permalink_spec.rb */ = {isa = PBXFileReference; lastKnownFileType = text.script.ruby; path = permalink_spec.rb; sourceTree = "<group>"; };
		830606B71329C6860076F243 /* date_spec.rb */ = {isa = PBXFileReference; lastKnownFileType = text.script.ruby; path = date_spec.rb; sourceTree = "<group>"; };
		830606B81329C6860076F243 /* tags_spec.rb */ = {isa = PBXFileReference; lastKnownFileType = text.script.ruby; path = tags_spec.rb; sourceTree = "<group>"; };
		830606BA1329C6860076F243 /* answer_spec.rb */ = {isa = PBXFileReference; lastKnownFileType = text.script.ruby; path = answer_spec.rb; sourceTree = "<group>"; };
		830606BB1329C6860076F243 /* audio_spec.rb */ = {isa = PBXFileReference; lastKnownFileType = text.script.ruby; path = audio_spec.rb; sourceTree = "<group>"; };
		830606BC1329C6860076F243 /* chat_spec.rb */ = {isa = PBXFileReference; lastKnownFileType = text.script.ruby; path = chat_spec.rb; sourceTree = "<group>"; };
		830606BD1329C6860076F243 /* quote_spec.rb */ = {isa = PBXFileReference; lastKnownFileType = text.script.ruby; path = quote_spec.rb; sourceTree = "<group>"; };
		830606C01329C6860076F243 /* block_filter_spec.rb */ = {isa = PBXFileReference; lastKnownFileType = text.script.ruby; path = block_filter_spec.rb; sourceTree = "<group>"; };
		830606C11329C6860076F243 /* scope_filter_spec.rb */ = {isa = PBXFileReference; lastKnownFileType = text.script.ruby; path = scope_filter_spec.rb; sourceTree = "<group>"; };
		830606C21329C6860076F243 /* generator_spec.rb */ = {isa = PBXFileReference; lastKnownFileType = text.script.ruby; path = generator_spec.rb; sourceTree = "<group>"; };
		830606C31329C6860076F243 /* lang_spec.rb */ = {isa = PBXFileReference; lastKnownFileType = text.script.ruby; path = lang_spec.rb; sourceTree = "<group>"; };
		830606CA1329C7520076F243 /* Rakefile */ = {isa = PBXFileReference; lastKnownFileType = text; path = Rakefile; sourceTree = "<group>"; };
		8319A2A5132B7F33000531C3 /* SubmitPage.rb */ = {isa = PBXFileReference; fileEncoding = 4; lastKnownFileType = text.script.ruby; path = SubmitPage.rb; sourceTree = SOURCE_ROOT; };
		8319A2A6132B7F33000531C3 /* TagPage.rb */ = {isa = PBXFileReference; fileEncoding = 4; lastKnownFileType = text.script.ruby; path = TagPage.rb; sourceTree = SOURCE_ROOT; };
		8319A2A7132B7F33000531C3 /* Template.rb */ = {isa = PBXFileReference; fileEncoding = 4; lastKnownFileType = text.script.ruby; path = Template.rb; sourceTree = SOURCE_ROOT; };
		8319A2A8132B7F33000531C3 /* TemplateContext.rb */ = {isa = PBXFileReference; fileEncoding = 4; lastKnownFileType = text.script.ruby; path = TemplateContext.rb; sourceTree = SOURCE_ROOT; };
		8319A2A9132B7F33000531C3 /* TextPost.rb */ = {isa = PBXFileReference; fileEncoding = 4; lastKnownFileType = text.script.ruby; path = TextPost.rb; sourceTree = SOURCE_ROOT; };
		8319A2AA132B7F33000531C3 /* UserTemplate.rb */ = {isa = PBXFileReference; fileEncoding = 4; lastKnownFileType = text.script.ruby; path = UserTemplate.rb; sourceTree = SOURCE_ROOT; };
		8319A2AB132B7F33000531C3 /* VideoPost.rb */ = {isa = PBXFileReference; fileEncoding = 4; lastKnownFileType = text.script.ruby; path = VideoPost.rb; sourceTree = SOURCE_ROOT; };
		8319A2AC132B7F33000531C3 /* WebView.rb */ = {isa = PBXFileReference; fileEncoding = 4; lastKnownFileType = text.script.ruby; path = WebView.rb; sourceTree = SOURCE_ROOT; };
		8319A2B5132B7F4A000531C3 /* DropIconView.rb */ = {isa = PBXFileReference; fileEncoding = 4; lastKnownFileType = text.script.ruby; path = DropIconView.rb; sourceTree = SOURCE_ROOT; };
		8319A2B6132B7F4A000531C3 /* DropView.rb */ = {isa = PBXFileReference; fileEncoding = 4; lastKnownFileType = text.script.ruby; path = DropView.rb; sourceTree = SOURCE_ROOT; };
		8319A2B7132B7F4A000531C3 /* Engine.rb */ = {isa = PBXFileReference; fileEncoding = 4; lastKnownFileType = text.script.ruby; path = Engine.rb; sourceTree = SOURCE_ROOT; };
		8319A2B8132B7F4A000531C3 /* Generator.rb */ = {isa = PBXFileReference; fileEncoding = 4; lastKnownFileType = text.script.ruby; path = Generator.rb; sourceTree = SOURCE_ROOT; };
		8319A2B9132B7F4A000531C3 /* helpers.rb */ = {isa = PBXFileReference; fileEncoding = 4; lastKnownFileType = text.script.ruby; path = helpers.rb; sourceTree = SOURCE_ROOT; };
		8319A2BA132B7F4A000531C3 /* IndexPage.rb */ = {isa = PBXFileReference; fileEncoding = 4; lastKnownFileType = text.script.ruby; path = IndexPage.rb; sourceTree = SOURCE_ROOT; };
		8319A2BB132B7F4A000531C3 /* LinkPost.rb */ = {isa = PBXFileReference; fileEncoding = 4; lastKnownFileType = text.script.ruby; path = LinkPost.rb; sourceTree = SOURCE_ROOT; };
		8319A2BC132B7F4A000531C3 /* MainWindow.rb */ = {isa = PBXFileReference; fileEncoding = 4; lastKnownFileType = text.script.ruby; path = MainWindow.rb; sourceTree = SOURCE_ROOT; };
		8319A2BD132B7F4A000531C3 /* Page.rb */ = {isa = PBXFileReference; fileEncoding = 4; lastKnownFileType = text.script.ruby; path = Page.rb; sourceTree = SOURCE_ROOT; };
		8319A2BE132B7F4A000531C3 /* Parser.rb */ = {isa = PBXFileReference; fileEncoding = 4; lastKnownFileType = text.script.ruby; path = Parser.rb; sourceTree = SOURCE_ROOT; };
		8319A2BF132B7F4A000531C3 /* PermalinkPage.rb */ = {isa = PBXFileReference; fileEncoding = 4; lastKnownFileType = text.script.ruby; path = PermalinkPage.rb; sourceTree = SOURCE_ROOT; };
		8319A2C0132B7F4A000531C3 /* PhotoPost.rb */ = {isa = PBXFileReference; fileEncoding = 4; lastKnownFileType = text.script.ruby; path = PhotoPost.rb; sourceTree = SOURCE_ROOT; };
		8319A2C1132B7F4A000531C3 /* Post.rb */ = {isa = PBXFileReference; fileEncoding = 4; lastKnownFileType = text.script.ruby; path = Post.rb; sourceTree = SOURCE_ROOT; };
		8319A2C2132B7F4A000531C3 /* QuotePost.rb */ = {isa = PBXFileReference; fileEncoding = 4; lastKnownFileType = text.script.ruby; path = QuotePost.rb; sourceTree = SOURCE_ROOT; };
		8319A2C3132B7F4A000531C3 /* ScopeFilter.rb */ = {isa = PBXFileReference; fileEncoding = 4; lastKnownFileType = text.script.ruby; path = ScopeFilter.rb; sourceTree = SOURCE_ROOT; };
		8319A2C4132B7F4A000531C3 /* SearchPage.rb */ = {isa = PBXFileReference; fileEncoding = 4; lastKnownFileType = text.script.ruby; path = SearchPage.rb; sourceTree = SOURCE_ROOT; };
		8319A2D5132B7F51000531C3 /* AnswerPost.rb */ = {isa = PBXFileReference; fileEncoding = 4; lastKnownFileType = text.script.ruby; path = AnswerPost.rb; sourceTree = SOURCE_ROOT; };
		8319A2D6132B7F51000531C3 /* AppController.rb */ = {isa = PBXFileReference; fileEncoding = 4; lastKnownFileType = text.script.ruby; path = AppController.rb; sourceTree = SOURCE_ROOT; };
		8319A2D7132B7F51000531C3 /* AppDelegate.rb */ = {isa = PBXFileReference; fileEncoding = 4; lastKnownFileType = text.script.ruby; path = AppDelegate.rb; sourceTree = SOURCE_ROOT; };
		8319A2D8132B7F51000531C3 /* AskPage.rb */ = {isa = PBXFileReference; fileEncoding = 4; lastKnownFileType = text.script.ruby; path = AskPage.rb; sourceTree = SOURCE_ROOT; };
		8319A2D9132B7F51000531C3 /* AudioPost.rb */ = {isa = PBXFileReference; fileEncoding = 4; lastKnownFileType = text.script.ruby; path = AudioPost.rb; sourceTree = SOURCE_ROOT; };
		8319A2DA132B7F51000531C3 /* BlockFilter.rb */ = {isa = PBXFileReference; fileEncoding = 4; lastKnownFileType = text.script.ruby; path = BlockFilter.rb; sourceTree = SOURCE_ROOT; };
		8319A2DB132B7F51000531C3 /* ChatPost.rb */ = {isa = PBXFileReference; fileEncoding = 4; lastKnownFileType = text.script.ruby; path = ChatPost.rb; sourceTree = SOURCE_ROOT; };
		8319A2DC132B7F51000531C3 /* CoreExt.rb */ = {isa = PBXFileReference; fileEncoding = 4; lastKnownFileType = text.script.ruby; path = CoreExt.rb; sourceTree = SOURCE_ROOT; };
		8319A2DD132B7F51000531C3 /* CustomPage.rb */ = {isa = PBXFileReference; fileEncoding = 4; lastKnownFileType = text.script.ruby; path = CustomPage.rb; sourceTree = SOURCE_ROOT; };
		8319A2DE132B7F51000531C3 /* DayPage.rb */ = {isa = PBXFileReference; fileEncoding = 4; lastKnownFileType = text.script.ruby; path = DayPage.rb; sourceTree = SOURCE_ROOT; };
/* End PBXFileReference section */

/* Begin PBXFrameworksBuildPhase section */
		830605D71329A4630076F243 /* Frameworks */ = {
			isa = PBXFrameworksBuildPhase;
			buildActionMask = 2147483647;
			files = (
				830606061329A5670076F243 /* MacRuby.framework in Frameworks */,
				830605DF1329A4630076F243 /* Cocoa.framework in Frameworks */,
			);
			runOnlyForDeploymentPostprocessing = 0;
		};
/* End PBXFrameworksBuildPhase section */

/* Begin PBXGroup section */
		830605CD1329A4200076F243 = {
			isa = PBXGroup;
			children = (
				830605E41329A4630076F243 /* Rollr */,
				830606A61329C6860076F243 /* Spec */,
				830605DD1329A4630076F243 /* Frameworks */,
				830605DB1329A4630076F243 /* Products */,
			);
			sourceTree = "<group>";
		};
		830605DB1329A4630076F243 /* Products */ = {
			isa = PBXGroup;
			children = (
				830605DA1329A4630076F243 /* Rollr.app */,
			);
			name = Products;
			sourceTree = "<group>";
		};
		830605DD1329A4630076F243 /* Frameworks */ = {
			isa = PBXGroup;
			children = (
				830605E11329A4630076F243 /* AppKit.framework */,
				830605DE1329A4630076F243 /* Cocoa.framework */,
				830605E31329A4630076F243 /* Foundation.framework */,
				830606051329A5670076F243 /* MacRuby.framework */,
			);
			name = Frameworks;
			sourceTree = "<group>";
		};
		830605E41329A4630076F243 /* Rollr */ = {
			isa = PBXGroup;
			children = (
				8319A2A5132B7F33000531C3 /* SubmitPage.rb */,
				8319A2A6132B7F33000531C3 /* TagPage.rb */,
				8319A2A7132B7F33000531C3 /* Template.rb */,
				8319A2A8132B7F33000531C3 /* TemplateContext.rb */,
				8319A2A9132B7F33000531C3 /* TextPost.rb */,
				8319A2D5132B7F51000531C3 /* AnswerPost.rb */,
				8319A2D6132B7F51000531C3 /* AppController.rb */,
				8319A2D7132B7F51000531C3 /* AppDelegate.rb */,
				8319A2D8132B7F51000531C3 /* AskPage.rb */,
				8319A2D9132B7F51000531C3 /* AudioPost.rb */,
				8319A2DA132B7F51000531C3 /* BlockFilter.rb */,
				8319A2DB132B7F51000531C3 /* ChatPost.rb */,
				8319A2DC132B7F51000531C3 /* CoreExt.rb */,
				8319A2DD132B7F51000531C3 /* CustomPage.rb */,
				8319A2DE132B7F51000531C3 /* DayPage.rb */,
				8319A2AA132B7F33000531C3 /* UserTemplate.rb */,
				8319A2AB132B7F33000531C3 /* VideoPost.rb */,
				8319A2AC132B7F33000531C3 /* WebView.rb */,
				8319A2B5132B7F4A000531C3 /* DropIconView.rb */,
				8319A2B6132B7F4A000531C3 /* DropView.rb */,
				8319A2B7132B7F4A000531C3 /* Engine.rb */,
				8319A2B8132B7F4A000531C3 /* Generator.rb */,
				8319A2B9132B7F4A000531C3 /* helpers.rb */,
				8319A2BA132B7F4A000531C3 /* IndexPage.rb */,
				8319A2BB132B7F4A000531C3 /* LinkPost.rb */,
				8319A2BC132B7F4A000531C3 /* MainWindow.rb */,
				8319A2BD132B7F4A000531C3 /* Page.rb */,
				8319A2BE132B7F4A000531C3 /* Parser.rb */,
				8319A2BF132B7F4A000531C3 /* PermalinkPage.rb */,
				8319A2C0132B7F4A000531C3 /* PhotoPost.rb */,
				8319A2C1132B7F4A000531C3 /* Post.rb */,
				8319A2C2132B7F4A000531C3 /* QuotePost.rb */,
				8319A2C3132B7F4A000531C3 /* ScopeFilter.rb */,
				8319A2C4132B7F4A000531C3 /* SearchPage.rb */,
				830605E51329A4630076F243 /* Supporting Files */,
			);
			name = Rollr;
			path = .;
			sourceTree = SOURCE_ROOT;
		};
		830605E51329A4630076F243 /* Supporting Files */ = {
			isa = PBXGroup;
			children = (
				830605EB1329A4630076F243 /* main.m */,
				830606011329A5240076F243 /* Info.plist */,
				830606031329A52C0076F243 /* Icon.icns */,
				830606CA1329C7520076F243 /* Rakefile */,
				830605FF1329A5060076F243 /* main.rb */,
				8306060D1329A60F0076F243 /* Gemfile */,
			);
			name = "Supporting Files";
			sourceTree = "<group>";
		};
		830606A61329C6860076F243 /* Spec */ = {
			isa = PBXGroup;
			children = (
				830606A71329C6860076F243 /* spec_helper.rb */,
				830606A81329C6860076F243 /* Thud */,
				830606BE1329C6860076F243 /* Tuml */,
			);
			name = Spec;
			path = spec;
			sourceTree = SOURCE_ROOT;
		};
		830606A81329C6860076F243 /* Thud */ = {
			isa = PBXGroup;
			children = (
				830606A91329C6860076F243 /* fixtures */,
				830606B11329C6860076F243 /* page */,
				830606B31329C6860076F243 /* pages */,
				830606B61329C6860076F243 /* post */,
				830606B91329C6860076F243 /* posts */,
			);
			name = Thud;
			path = thud;
			sourceTree = "<group>";
		};
		830606A91329C6860076F243 /* fixtures */ = {
			isa = PBXGroup;
			children = (
				830606AA1329C6860076F243 /* dearcoketalk.json */,
				830606AB1329C6860076F243 /* hacker.json */,
				830606AC1329C6860076F243 /* manicalrage.json */,
				830606AD1329C6860076F243 /* marco.json */,
				830606AE1329C6860076F243 /* merlin.json */,
				830606AF1329C6860076F243 /* poacher.json */,
				830606B01329C6860076F243 /* staff.json */,
			);
			path = fixtures;
			sourceTree = "<group>";
		};
		830606B11329C6860076F243 /* page */ = {
			isa = PBXGroup;
			children = (
				830606B21329C6860076F243 /* basic_variables_spec.rb */,
			);
			path = page;
			sourceTree = "<group>";
		};
		830606B31329C6860076F243 /* pages */ = {
			isa = PBXGroup;
			children = (
				830606B41329C6860076F243 /* index_spec.rb */,
				830606B51329C6860076F243 /* permalink_spec.rb */,
			);
			path = pages;
			sourceTree = "<group>";
		};
		830606B61329C6860076F243 /* post */ = {
			isa = PBXGroup;
			children = (
				830606B71329C6860076F243 /* date_spec.rb */,
				830606B81329C6860076F243 /* tags_spec.rb */,
			);
			path = post;
			sourceTree = "<group>";
		};
		830606B91329C6860076F243 /* posts */ = {
			isa = PBXGroup;
			children = (
				830606BA1329C6860076F243 /* answer_spec.rb */,
				830606BB1329C6860076F243 /* audio_spec.rb */,
				830606BC1329C6860076F243 /* chat_spec.rb */,
				830606BD1329C6860076F243 /* quote_spec.rb */,
			);
			path = posts;
			sourceTree = "<group>";
		};
		830606BE1329C6860076F243 /* Tuml */ = {
			isa = PBXGroup;
			children = (
				830606BF1329C6860076F243 /* filters */,
				830606C21329C6860076F243 /* generator_spec.rb */,
				830606C31329C6860076F243 /* lang_spec.rb */,
			);
			name = Tuml;
			path = tuml;
			sourceTree = "<group>";
		};
		830606BF1329C6860076F243 /* filters */ = {
			isa = PBXGroup;
			children = (
				830606C01329C6860076F243 /* block_filter_spec.rb */,
				830606C11329C6860076F243 /* scope_filter_spec.rb */,
			);
			path = filters;
			sourceTree = "<group>";
		};
/* End PBXGroup section */

/* Begin PBXNativeTarget section */
		830605D91329A4630076F243 /* Rollr */ = {
			isa = PBXNativeTarget;
			buildConfigurationList = 830605F61329A4640076F243 /* Build configuration list for PBXNativeTarget "Rollr" */;
			buildPhases = (
				830605D61329A4630076F243 /* Sources */,
				830605D71329A4630076F243 /* Frameworks */,
				830605D81329A4630076F243 /* Resources */,
			);
			buildRules = (
			);
			dependencies = (
			);
			name = Rollr;
			productName = Rollr;
			productReference = 830605DA1329A4630076F243 /* Rollr.app */;
			productType = "com.apple.product-type.application";
		};
/* End PBXNativeTarget section */

/* Begin PBXProject section */
		830605CF1329A4200076F243 /* Project object */ = {
			isa = PBXProject;
			attributes = {
				ORGANIZATIONNAME = "Chris Lloyd";
			};
			buildConfigurationList = 830605D21329A4200076F243 /* Build configuration list for PBXProject "Rollr" */;
			compatibilityVersion = "Xcode 3.2";
			developmentRegion = English;
			hasScannedForEncodings = 0;
			knownRegions = (
				en,
			);
			mainGroup = 830605CD1329A4200076F243;
			productRefGroup = 830605DB1329A4630076F243 /* Products */;
			projectDirPath = "";
			projectRoot = "";
			targets = (
				830605D91329A4630076F243 /* Rollr */,
			);
		};
/* End PBXProject section */

/* Begin PBXResourcesBuildPhase section */
		830605D81329A4630076F243 /* Resources */ = {
			isa = PBXResourcesBuildPhase;
			buildActionMask = 2147483647;
			files = (
				830606001329A5060076F243 /* main.rb in Resources */,
				830606041329A52C0076F243 /* Icon.icns in Resources */,
				8319A2AD132B7F33000531C3 /* SubmitPage.rb in Resources */,
				8319A2AE132B7F33000531C3 /* TagPage.rb in Resources */,
				8319A2AF132B7F33000531C3 /* Template.rb in Resources */,
				8319A2B0132B7F33000531C3 /* TemplateContext.rb in Resources */,
				8319A2B1132B7F33000531C3 /* TextPost.rb in Resources */,
				8319A2B2132B7F33000531C3 /* UserTemplate.rb in Resources */,
				8319A2B3132B7F33000531C3 /* VideoPost.rb in Resources */,
				8319A2B4132B7F33000531C3 /* WebView.rb in Resources */,
				8319A2C5132B7F4A000531C3 /* DropIconView.rb in Resources */,
				8319A2C6132B7F4A000531C3 /* DropView.rb in Resources */,
				8319A2C7132B7F4A000531C3 /* Engine.rb in Resources */,
				8319A2C8132B7F4A000531C3 /* Generator.rb in Resources */,
				8319A2C9132B7F4A000531C3 /* helpers.rb in Resources */,
				8319A2CA132B7F4A000531C3 /* IndexPage.rb in Resources */,
				8319A2CB132B7F4A000531C3 /* LinkPost.rb in Resources */,
				8319A2CC132B7F4A000531C3 /* MainWindow.rb in Resources */,
				8319A2CD132B7F4A000531C3 /* Page.rb in Resources */,
				8319A2CE132B7F4A000531C3 /* Parser.rb in Resources */,
				8319A2CF132B7F4A000531C3 /* PermalinkPage.rb in Resources */,
				8319A2D0132B7F4A000531C3 /* PhotoPost.rb in Resources */,
				8319A2D1132B7F4A000531C3 /* Post.rb in Resources */,
				8319A2D2132B7F4A000531C3 /* QuotePost.rb in Resources */,
				8319A2D3132B7F4A000531C3 /* ScopeFilter.rb in Resources */,
				8319A2D4132B7F4A000531C3 /* SearchPage.rb in Resources */,
				8319A2DF132B7F51000531C3 /* AnswerPost.rb in Resources */,
				8319A2E0132B7F51000531C3 /* AppController.rb in Resources */,
				8319A2E1132B7F51000531C3 /* AppDelegate.rb in Resources */,
				8319A2E2132B7F51000531C3 /* AskPage.rb in Resources */,
				8319A2E3132B7F51000531C3 /* AudioPost.rb in Resources */,
				8319A2E4132B7F51000531C3 /* BlockFilter.rb in Resources */,
				8319A2E5132B7F51000531C3 /* ChatPost.rb in Resources */,
				8319A2E6132B7F51000531C3 /* CoreExt.rb in Resources */,
				8319A2E7132B7F51000531C3 /* CustomPage.rb in Resources */,
				8319A2E8132B7F51000531C3 /* DayPage.rb in Resources */,
			);
			runOnlyForDeploymentPostprocessing = 0;
		};
/* End PBXResourcesBuildPhase section */

/* Begin PBXSourcesBuildPhase section */
		830605D61329A4630076F243 /* Sources */ = {
			isa = PBXSourcesBuildPhase;
			buildActionMask = 2147483647;
			files = (
				830605EC1329A4630076F243 /* main.m in Sources */,
			);
			runOnlyForDeploymentPostprocessing = 0;
		};
/* End PBXSourcesBuildPhase section */

/* Begin XCBuildConfiguration section */
		830605D41329A4200076F243 /* Debug */ = {
			isa = XCBuildConfiguration;
			buildSettings = {
			};
			name = Debug;
		};
		830605D51329A4200076F243 /* Release */ = {
			isa = XCBuildConfiguration;
			buildSettings = {
			};
			name = Release;
		};
		830605F71329A4640076F243 /* Debug */ = {
			isa = XCBuildConfiguration;
			buildSettings = {
				ALWAYS_SEARCH_USER_PATHS = NO;
				ARCHS = "$(ARCHS_STANDARD_32_64_BIT)";
				COPY_PHASE_STRIP = NO;
				GCC_C_LANGUAGE_STANDARD = gnu99;
				GCC_DYNAMIC_NO_PIC = NO;
				GCC_ENABLE_OBJC_EXCEPTIONS = YES;
				GCC_ENABLE_OBJC_GC = supported;
				GCC_OPTIMIZATION_LEVEL = 0;
				GCC_PRECOMPILE_PREFIX_HEADER = NO;
				GCC_PREFIX_HEADER = "";
				GCC_PREPROCESSOR_DEFINITIONS = DEBUG;
				GCC_SYMBOLS_PRIVATE_EXTERN = NO;
				GCC_TREAT_WARNINGS_AS_ERRORS = YES;
				GCC_VERSION = com.apple.compilers.llvm.clang.1_0;
				GCC_WARN_64_TO_32_BIT_CONVERSION = YES;
				GCC_WARN_ABOUT_RETURN_TYPE = YES;
				GCC_WARN_UNUSED_VARIABLE = YES;
				INFOPLIST_FILE = Info.plist;
				MACOSX_DEPLOYMENT_TARGET = 10.6;
				ONLY_ACTIVE_ARCH = YES;
				PRODUCT_NAME = "$(TARGET_NAME)";
				SDKROOT = macosx;
				WRAPPER_EXTENSION = app;
			};
			name = Debug;
		};
		830605F81329A4640076F243 /* Release */ = {
			isa = XCBuildConfiguration;
			buildSettings = {
				ALWAYS_SEARCH_USER_PATHS = NO;
				ARCHS = "$(ARCHS_STANDARD_32_64_BIT)";
				COPY_PHASE_STRIP = YES;
				DEBUG_INFORMATION_FORMAT = "dwarf-with-dsym";
				GCC_C_LANGUAGE_STANDARD = gnu99;
				GCC_ENABLE_OBJC_EXCEPTIONS = YES;
				GCC_ENABLE_OBJC_GC = supported;
				GCC_PRECOMPILE_PREFIX_HEADER = NO;
				GCC_PREFIX_HEADER = "";
				GCC_TREAT_WARNINGS_AS_ERRORS = YES;
				GCC_VERSION = com.apple.compilers.llvm.clang.1_0;
				GCC_WARN_64_TO_32_BIT_CONVERSION = YES;
				GCC_WARN_ABOUT_RETURN_TYPE = YES;
				GCC_WARN_UNUSED_VARIABLE = YES;
				INFOPLIST_FILE = Info.plist;
				MACOSX_DEPLOYMENT_TARGET = 10.6;
				PRODUCT_NAME = "$(TARGET_NAME)";
				SDKROOT = macosx;
				WRAPPER_EXTENSION = app;
			};
			name = Release;
		};
/* End XCBuildConfiguration section */

/* Begin XCConfigurationList section */
		830605D21329A4200076F243 /* Build configuration list for PBXProject "Rollr" */ = {
			isa = XCConfigurationList;
			buildConfigurations = (
				830605D41329A4200076F243 /* Debug */,
				830605D51329A4200076F243 /* Release */,
			);
			defaultConfigurationIsVisible = 0;
			defaultConfigurationName = Release;
		};
		830605F61329A4640076F243 /* Build configuration list for PBXNativeTarget "Rollr" */ = {
			isa = XCConfigurationList;
			buildConfigurations = (
				830605F71329A4640076F243 /* Debug */,
				830605F81329A4640076F243 /* Release */,
			);
			defaultConfigurationIsVisible = 0;
			defaultConfigurationName = Release;
		};
/* End XCConfigurationList section */
	};
	rootObject = 830605CF1329A4200076F243 /* Project object */;
}
