// !$*UTF8*$!
{
	archiveVersion = 1;
	classes = {
	};
	objectVersion = 46;
	objects = {

/* Begin PBXBuildFile section */
		835C5D9B133C285600A6CF12 /* Cocoa.framework in Frameworks */ = {isa = PBXBuildFile; fileRef = 830605DE1329A4630076F243 /* Cocoa.framework */; };
		835C5D9C133C285600A6CF12 /* MacRuby.framework in Frameworks */ = {isa = PBXBuildFile; fileRef = 830606051329A5670076F243 /* MacRuby.framework */; };
		835C5DB6133C289A00A6CF12 /* Icon.icns in Resources */ = {isa = PBXBuildFile; fileRef = 830606031329A52C0076F243 /* Icon.icns */; };
		83A5285B133C3B6900DA8D9A /* HTTPRequest.rb in Resources */ = {isa = PBXBuildFile; fileRef = 8366831E1332C563007ED4B9 /* HTTPRequest.rb */; };
		83A5285C133C3B6900DA8D9A /* AppController.rb in Resources */ = {isa = PBXBuildFile; fileRef = 8319A2D6132B7F51000531C3 /* AppController.rb */; };
		83A5285D133C3B6900DA8D9A /* AppDelegate.rb in Resources */ = {isa = PBXBuildFile; fileRef = 8319A2D7132B7F51000531C3 /* AppDelegate.rb */; };
		83A5285E133C3B6900DA8D9A /* CoreExt.rb in Resources */ = {isa = PBXBuildFile; fileRef = 8319A2DC132B7F51000531C3 /* CoreExt.rb */; };
		83A5285F133C3B6900DA8D9A /* UserTemplate.rb in Resources */ = {isa = PBXBuildFile; fileRef = 8319A2AA132B7F33000531C3 /* UserTemplate.rb */; };
		83A52860133C3B6900DA8D9A /* WebView.rb in Resources */ = {isa = PBXBuildFile; fileRef = 8319A2AC132B7F33000531C3 /* WebView.rb */; };
		83A52861133C3B6900DA8D9A /* ArrowView.rb in Resources */ = {isa = PBXBuildFile; fileRef = 8319A2B5132B7F4A000531C3 /* ArrowView.rb */; };
		83A52862133C3B6900DA8D9A /* DropView.rb in Resources */ = {isa = PBXBuildFile; fileRef = 8319A2B6132B7F4A000531C3 /* DropView.rb */; };
		83A52863133C3B6900DA8D9A /* MainWindow.rb in Resources */ = {isa = PBXBuildFile; fileRef = 8319A2BC132B7F4A000531C3 /* MainWindow.rb */; };
		83A52864133C3B6D00DA8D9A /* boot.rb in Resources */ = {isa = PBXBuildFile; fileRef = 83668324133341ED007ED4B9 /* boot.rb */; };
		83A52865133C3B7600DA8D9A /* main.m in Sources */ = {isa = PBXBuildFile; fileRef = 830605EB1329A4630076F243 /* main.m */; };
		83A52866133C3B7600DA8D9A /* Info.plist in Resources */ = {isa = PBXBuildFile; fileRef = 830606011329A5240076F243 /* Info.plist */; };
		83A52867133C3B7600DA8D9A /* main.rb in Resources */ = {isa = PBXBuildFile; fileRef = 830605FF1329A5060076F243 /* main.rb */; };
		83A52868133C3B7900DA8D9A /* OptionsView.rb in Resources */ = {isa = PBXBuildFile; fileRef = 837EA735132E30160001DA76 /* OptionsView.rb */; };
		83A5286A133C3B7E00DA8D9A /* Tuml.rb in Resources */ = {isa = PBXBuildFile; fileRef = 83668320133337BF007ED4B9 /* Tuml.rb */; };
		83A5286B133C3B7E00DA8D9A /* Template.rb in Resources */ = {isa = PBXBuildFile; fileRef = 8319A2A7132B7F33000531C3 /* Template.rb */; };
		83A5286C133C3B7E00DA8D9A /* BlockFilter.rb in Resources */ = {isa = PBXBuildFile; fileRef = 8319A2DA132B7F51000531C3 /* BlockFilter.rb */; };
		83A5286D133C3B7E00DA8D9A /* Generator.rb in Resources */ = {isa = PBXBuildFile; fileRef = 8319A2B8132B7F4A000531C3 /* Generator.rb */; };
		83A5286E133C3B7E00DA8D9A /* Engine.rb in Resources */ = {isa = PBXBuildFile; fileRef = 8319A2B7132B7F4A000531C3 /* Engine.rb */; };
		83A5286F133C3B7E00DA8D9A /* helpers.rb in Resources */ = {isa = PBXBuildFile; fileRef = 8319A2B9132B7F4A000531C3 /* helpers.rb */; };
		83A52870133C3B7E00DA8D9A /* Parser.rb in Resources */ = {isa = PBXBuildFile; fileRef = 8319A2BE132B7F4A000531C3 /* Parser.rb */; };
		83A52871133C3B7E00DA8D9A /* ScopeFilter.rb in Resources */ = {isa = PBXBuildFile; fileRef = 8319A2C3132B7F4A000531C3 /* ScopeFilter.rb */; };
		83A52872133C3B8700DA8D9A /* SubmitPage.rb in Resources */ = {isa = PBXBuildFile; fileRef = 8319A2A5132B7F33000531C3 /* SubmitPage.rb */; };
		83A52873133C3B8700DA8D9A /* TagPage.rb in Resources */ = {isa = PBXBuildFile; fileRef = 8319A2A6132B7F33000531C3 /* TagPage.rb */; };
		83A52874133C3B8700DA8D9A /* TemplateContext.rb in Resources */ = {isa = PBXBuildFile; fileRef = 8319A2A8132B7F33000531C3 /* TemplateContext.rb */; };
		83A52875133C3B8700DA8D9A /* TextPost.rb in Resources */ = {isa = PBXBuildFile; fileRef = 8319A2A9132B7F33000531C3 /* TextPost.rb */; };
		83A52876133C3B8700DA8D9A /* AnswerPost.rb in Resources */ = {isa = PBXBuildFile; fileRef = 8319A2D5132B7F51000531C3 /* AnswerPost.rb */; };
		83A52877133C3B8700DA8D9A /* AskPage.rb in Resources */ = {isa = PBXBuildFile; fileRef = 8319A2D8132B7F51000531C3 /* AskPage.rb */; };
		83A52878133C3B8700DA8D9A /* AudioPost.rb in Resources */ = {isa = PBXBuildFile; fileRef = 8319A2D9132B7F51000531C3 /* AudioPost.rb */; };
		83A52879133C3B8700DA8D9A /* ChatPost.rb in Resources */ = {isa = PBXBuildFile; fileRef = 8319A2DB132B7F51000531C3 /* ChatPost.rb */; };
		83A5287A133C3B8700DA8D9A /* CustomPage.rb in Resources */ = {isa = PBXBuildFile; fileRef = 8319A2DD132B7F51000531C3 /* CustomPage.rb */; };
		83A5287B133C3B8700DA8D9A /* DayPage.rb in Resources */ = {isa = PBXBuildFile; fileRef = 8319A2DE132B7F51000531C3 /* DayPage.rb */; };
		83A5287C133C3B8700DA8D9A /* VideoPost.rb in Resources */ = {isa = PBXBuildFile; fileRef = 8319A2AB132B7F33000531C3 /* VideoPost.rb */; };
		83A5287D133C3B8700DA8D9A /* IndexPage.rb in Resources */ = {isa = PBXBuildFile; fileRef = 8319A2BA132B7F4A000531C3 /* IndexPage.rb */; };
		83A5287E133C3B8700DA8D9A /* LinkPost.rb in Resources */ = {isa = PBXBuildFile; fileRef = 8319A2BB132B7F4A000531C3 /* LinkPost.rb */; };
		83A5287F133C3B8700DA8D9A /* Page.rb in Resources */ = {isa = PBXBuildFile; fileRef = 8319A2BD132B7F4A000531C3 /* Page.rb */; };
		83A52880133C3B8700DA8D9A /* PermalinkPage.rb in Resources */ = {isa = PBXBuildFile; fileRef = 8319A2BF132B7F4A000531C3 /* PermalinkPage.rb */; };
		83A52881133C3B8700DA8D9A /* PhotoPost.rb in Resources */ = {isa = PBXBuildFile; fileRef = 8319A2C0132B7F4A000531C3 /* PhotoPost.rb */; };
		83A52882133C3B8700DA8D9A /* Post.rb in Resources */ = {isa = PBXBuildFile; fileRef = 8319A2C1132B7F4A000531C3 /* Post.rb */; };
		83A52883133C3B8700DA8D9A /* QuotePost.rb in Resources */ = {isa = PBXBuildFile; fileRef = 8319A2C2132B7F4A000531C3 /* QuotePost.rb */; };
		83A52884133C3B8700DA8D9A /* SearchPage.rb in Resources */ = {isa = PBXBuildFile; fileRef = 8319A2C4132B7F4A000531C3 /* SearchPage.rb */; };
/* End PBXBuildFile section */

/* Begin PBXContainerItemProxy section */
		837A7A1F13528DB50042939B /* PBXContainerItemProxy */ = {
			isa = PBXContainerItemProxy;
			containerPortal = 830605CF1329A4200076F243 /* Project object */;
			proxyType = 1;
			remoteGlobalIDString = 835C5D98133C285600A6CF12;
			remoteInfo = Rollr;
		};
/* End PBXContainerItemProxy section */

/* Begin PBXFileReference section */
		830605DE1329A4630076F243 /* Cocoa.framework */ = {isa = PBXFileReference; lastKnownFileType = wrapper.framework; name = Cocoa.framework; path = System/Library/Frameworks/Cocoa.framework; sourceTree = SDKROOT; };
		830605E11329A4630076F243 /* AppKit.framework */ = {isa = PBXFileReference; lastKnownFileType = wrapper.framework; name = AppKit.framework; path = System/Library/Frameworks/AppKit.framework; sourceTree = SDKROOT; };
		830605E31329A4630076F243 /* Foundation.framework */ = {isa = PBXFileReference; lastKnownFileType = wrapper.framework; name = Foundation.framework; path = System/Library/Frameworks/Foundation.framework; sourceTree = SDKROOT; };
		830605EB1329A4630076F243 /* main.m */ = {isa = PBXFileReference; lastKnownFileType = sourcecode.c.objc; path = main.m; sourceTree = "<group>"; };
		830605FF1329A5060076F243 /* main.rb */ = {isa = PBXFileReference; fileEncoding = 4; lastKnownFileType = text.script.ruby; path = main.rb; sourceTree = "<group>"; };
		830606011329A5240076F243 /* Info.plist */ = {isa = PBXFileReference; fileEncoding = 4; lastKnownFileType = text.plist; path = Info.plist; sourceTree = "<group>"; };
		830606031329A52C0076F243 /* Icon.icns */ = {isa = PBXFileReference; lastKnownFileType = image.icns; path = Icon.icns; sourceTree = "<group>"; };
		830606051329A5670076F243 /* MacRuby.framework */ = {isa = PBXFileReference; lastKnownFileType = wrapper.framework; name = MacRuby.framework; path = SDKs/MacOSX10.6.sdk/Library/Frameworks/MacRuby.framework; sourceTree = DEVELOPER_DIR; };
		8306060D1329A60F0076F243 /* Gemfile */ = {isa = PBXFileReference; explicitFileType = text.script.ruby; fileEncoding = 4; path = Gemfile; sourceTree = "<group>"; };
		8319A2A5132B7F33000531C3 /* SubmitPage.rb */ = {isa = PBXFileReference; fileEncoding = 4; lastKnownFileType = text.script.ruby; name = SubmitPage.rb; path = ./SubmitPage.rb; sourceTree = "<group>"; };
		8319A2A6132B7F33000531C3 /* TagPage.rb */ = {isa = PBXFileReference; fileEncoding = 4; lastKnownFileType = text.script.ruby; name = TagPage.rb; path = ./TagPage.rb; sourceTree = "<group>"; };
		8319A2A7132B7F33000531C3 /* Template.rb */ = {isa = PBXFileReference; fileEncoding = 4; lastKnownFileType = text.script.ruby; name = Template.rb; path = ./Template.rb; sourceTree = "<group>"; };
		8319A2A8132B7F33000531C3 /* TemplateContext.rb */ = {isa = PBXFileReference; fileEncoding = 4; lastKnownFileType = text.script.ruby; name = TemplateContext.rb; path = ./TemplateContext.rb; sourceTree = "<group>"; };
		8319A2A9132B7F33000531C3 /* TextPost.rb */ = {isa = PBXFileReference; fileEncoding = 4; lastKnownFileType = text.script.ruby; name = TextPost.rb; path = ./TextPost.rb; sourceTree = "<group>"; };
		8319A2AA132B7F33000531C3 /* UserTemplate.rb */ = {isa = PBXFileReference; fileEncoding = 4; lastKnownFileType = text.script.ruby; path = UserTemplate.rb; sourceTree = "<group>"; };
		8319A2AB132B7F33000531C3 /* VideoPost.rb */ = {isa = PBXFileReference; fileEncoding = 4; lastKnownFileType = text.script.ruby; name = VideoPost.rb; path = ./VideoPost.rb; sourceTree = "<group>"; };
		8319A2AC132B7F33000531C3 /* WebView.rb */ = {isa = PBXFileReference; fileEncoding = 4; lastKnownFileType = text.script.ruby; path = WebView.rb; sourceTree = "<group>"; };
		8319A2B5132B7F4A000531C3 /* ArrowView.rb */ = {isa = PBXFileReference; fileEncoding = 4; lastKnownFileType = text.script.ruby; path = ArrowView.rb; sourceTree = "<group>"; };
		8319A2B6132B7F4A000531C3 /* DropView.rb */ = {isa = PBXFileReference; fileEncoding = 4; lastKnownFileType = text.script.ruby; path = DropView.rb; sourceTree = "<group>"; };
		8319A2B7132B7F4A000531C3 /* Engine.rb */ = {isa = PBXFileReference; fileEncoding = 4; lastKnownFileType = text.script.ruby; name = Engine.rb; path = ./Engine.rb; sourceTree = "<group>"; };
		8319A2B8132B7F4A000531C3 /* Generator.rb */ = {isa = PBXFileReference; fileEncoding = 4; lastKnownFileType = text.script.ruby; name = Generator.rb; path = ./Generator.rb; sourceTree = "<group>"; };
		8319A2B9132B7F4A000531C3 /* helpers.rb */ = {isa = PBXFileReference; fileEncoding = 4; lastKnownFileType = text.script.ruby; name = helpers.rb; path = ./helpers.rb; sourceTree = "<group>"; };
		8319A2BA132B7F4A000531C3 /* IndexPage.rb */ = {isa = PBXFileReference; fileEncoding = 4; lastKnownFileType = text.script.ruby; name = IndexPage.rb; path = ./IndexPage.rb; sourceTree = "<group>"; };
		8319A2BB132B7F4A000531C3 /* LinkPost.rb */ = {isa = PBXFileReference; fileEncoding = 4; lastKnownFileType = text.script.ruby; name = LinkPost.rb; path = ./LinkPost.rb; sourceTree = "<group>"; };
		8319A2BC132B7F4A000531C3 /* MainWindow.rb */ = {isa = PBXFileReference; fileEncoding = 4; lastKnownFileType = text.script.ruby; path = MainWindow.rb; sourceTree = "<group>"; };
		8319A2BD132B7F4A000531C3 /* Page.rb */ = {isa = PBXFileReference; fileEncoding = 4; lastKnownFileType = text.script.ruby; name = Page.rb; path = ./Page.rb; sourceTree = "<group>"; };
		8319A2BE132B7F4A000531C3 /* Parser.rb */ = {isa = PBXFileReference; fileEncoding = 4; lastKnownFileType = text.script.ruby; name = Parser.rb; path = ./Parser.rb; sourceTree = "<group>"; };
		8319A2BF132B7F4A000531C3 /* PermalinkPage.rb */ = {isa = PBXFileReference; fileEncoding = 4; lastKnownFileType = text.script.ruby; name = PermalinkPage.rb; path = ./PermalinkPage.rb; sourceTree = "<group>"; };
		8319A2C0132B7F4A000531C3 /* PhotoPost.rb */ = {isa = PBXFileReference; fileEncoding = 4; lastKnownFileType = text.script.ruby; name = PhotoPost.rb; path = ./PhotoPost.rb; sourceTree = "<group>"; };
		8319A2C1132B7F4A000531C3 /* Post.rb */ = {isa = PBXFileReference; fileEncoding = 4; lastKnownFileType = text.script.ruby; name = Post.rb; path = ./Post.rb; sourceTree = "<group>"; };
		8319A2C2132B7F4A000531C3 /* QuotePost.rb */ = {isa = PBXFileReference; fileEncoding = 4; lastKnownFileType = text.script.ruby; name = QuotePost.rb; path = ./QuotePost.rb; sourceTree = "<group>"; };
		8319A2C3132B7F4A000531C3 /* ScopeFilter.rb */ = {isa = PBXFileReference; fileEncoding = 4; lastKnownFileType = text.script.ruby; name = ScopeFilter.rb; path = ./ScopeFilter.rb; sourceTree = "<group>"; };
		8319A2C4132B7F4A000531C3 /* SearchPage.rb */ = {isa = PBXFileReference; fileEncoding = 4; lastKnownFileType = text.script.ruby; name = SearchPage.rb; path = ./SearchPage.rb; sourceTree = "<group>"; };
		8319A2D5132B7F51000531C3 /* AnswerPost.rb */ = {isa = PBXFileReference; fileEncoding = 4; lastKnownFileType = text.script.ruby; name = AnswerPost.rb; path = ./AnswerPost.rb; sourceTree = "<group>"; };
		8319A2D6132B7F51000531C3 /* AppController.rb */ = {isa = PBXFileReference; fileEncoding = 4; lastKnownFileType = text.script.ruby; path = AppController.rb; sourceTree = "<group>"; };
		8319A2D7132B7F51000531C3 /* AppDelegate.rb */ = {isa = PBXFileReference; fileEncoding = 4; lastKnownFileType = text.script.ruby; path = AppDelegate.rb; sourceTree = "<group>"; };
		8319A2D8132B7F51000531C3 /* AskPage.rb */ = {isa = PBXFileReference; fileEncoding = 4; lastKnownFileType = text.script.ruby; name = AskPage.rb; path = ./AskPage.rb; sourceTree = "<group>"; };
		8319A2D9132B7F51000531C3 /* AudioPost.rb */ = {isa = PBXFileReference; fileEncoding = 4; lastKnownFileType = text.script.ruby; name = AudioPost.rb; path = ./AudioPost.rb; sourceTree = "<group>"; };
		8319A2DA132B7F51000531C3 /* BlockFilter.rb */ = {isa = PBXFileReference; fileEncoding = 4; lastKnownFileType = text.script.ruby; name = BlockFilter.rb; path = ./BlockFilter.rb; sourceTree = "<group>"; };
		8319A2DB132B7F51000531C3 /* ChatPost.rb */ = {isa = PBXFileReference; fileEncoding = 4; lastKnownFileType = text.script.ruby; name = ChatPost.rb; path = ./ChatPost.rb; sourceTree = "<group>"; };
		8319A2DC132B7F51000531C3 /* CoreExt.rb */ = {isa = PBXFileReference; fileEncoding = 4; lastKnownFileType = text.script.ruby; path = CoreExt.rb; sourceTree = "<group>"; };
		8319A2DD132B7F51000531C3 /* CustomPage.rb */ = {isa = PBXFileReference; fileEncoding = 4; lastKnownFileType = text.script.ruby; name = CustomPage.rb; path = ./CustomPage.rb; sourceTree = "<group>"; };
		8319A2DE132B7F51000531C3 /* DayPage.rb */ = {isa = PBXFileReference; fileEncoding = 4; lastKnownFileType = text.script.ruby; name = DayPage.rb; path = ./DayPage.rb; sourceTree = "<group>"; };
		835C5D99133C285600A6CF12 /* Rollr.app */ = {isa = PBXFileReference; explicitFileType = wrapper.application; includeInIndex = 0; path = Rollr.app; sourceTree = BUILT_PRODUCTS_DIR; };
		8366831E1332C563007ED4B9 /* HTTPRequest.rb */ = {isa = PBXFileReference; fileEncoding = 4; lastKnownFileType = text.script.ruby; path = HTTPRequest.rb; sourceTree = "<group>"; };
		83668320133337BF007ED4B9 /* Tuml.rb */ = {isa = PBXFileReference; fileEncoding = 4; lastKnownFileType = text.script.ruby; name = Tuml.rb; path = ./Tuml.rb; sourceTree = "<group>"; };
		83668322133337D0007ED4B9 /* Tuml.tt */ = {isa = PBXFileReference; lastKnownFileType = text; name = Tuml.tt; path = ./Tuml.tt; sourceTree = "<group>"; };
		83668324133341ED007ED4B9 /* boot.rb */ = {isa = PBXFileReference; fileEncoding = 4; lastKnownFileType = text.script.ruby; path = boot.rb; sourceTree = SOURCE_ROOT; };
		837EA735132E30160001DA76 /* OptionsView.rb */ = {isa = PBXFileReference; fileEncoding = 4; lastKnownFileType = text.script.ruby; name = OptionsView.rb; path = ../Rollr/OptionsView.rb; sourceTree = "<group>"; };
/* End PBXFileReference section */

/* Begin PBXFrameworksBuildPhase section */
		835C5D96133C285600A6CF12 /* Frameworks */ = {
			isa = PBXFrameworksBuildPhase;
			buildActionMask = 2147483647;
			files = (
				835C5D9B133C285600A6CF12 /* Cocoa.framework in Frameworks */,
				835C5D9C133C285600A6CF12 /* MacRuby.framework in Frameworks */,
			);
			runOnlyForDeploymentPostprocessing = 0;
		};
/* End PBXFrameworksBuildPhase section */

/* Begin PBXGroup section */
		830605CD1329A4200076F243 = {
			isa = PBXGroup;
			children = (
				830605E41329A4630076F243 /* Rollr */,
				83564A44132C213500BAE819 /* Thud */,
				83564A45132C214400BAE819 /* Tuml */,
				830605DD1329A4630076F243 /* Frameworks */,
				830605DB1329A4630076F243 /* Products */,
			);
			sourceTree = "<group>";
		};
		830605DB1329A4630076F243 /* Products */ = {
			isa = PBXGroup;
			children = (
				835C5D99133C285600A6CF12 /* Rollr.app */,
			);
			name = Products;
			sourceTree = "<group>";
		};
		830605DD1329A4630076F243 /* Frameworks */ = {
			isa = PBXGroup;
			children = (
				830605E11329A4630076F243 /* AppKit.framework */,
				830605DE1329A4630076F243 /* Cocoa.framework */,
				830605E31329A4630076F243 /* Foundation.framework */,
				830606051329A5670076F243 /* MacRuby.framework */,
			);
			name = Frameworks;
			sourceTree = "<group>";
		};
		830605E41329A4630076F243 /* Rollr */ = {
			isa = PBXGroup;
			children = (
				8366831E1332C563007ED4B9 /* HTTPRequest.rb */,
				8319A2D6132B7F51000531C3 /* AppController.rb */,
				8319A2D7132B7F51000531C3 /* AppDelegate.rb */,
				8319A2DC132B7F51000531C3 /* CoreExt.rb */,
				8319A2AA132B7F33000531C3 /* UserTemplate.rb */,
				8319A2AC132B7F33000531C3 /* WebView.rb */,
				8319A2B5132B7F4A000531C3 /* ArrowView.rb */,
				8319A2B6132B7F4A000531C3 /* DropView.rb */,
				8319A2BC132B7F4A000531C3 /* MainWindow.rb */,
				830605E51329A4630076F243 /* Supporting Files */,
				837EA735132E30160001DA76 /* OptionsView.rb */,
			);
			name = Rollr;
			path = .;
			sourceTree = SOURCE_ROOT;
		};
		830605E51329A4630076F243 /* Supporting Files */ = {
			isa = PBXGroup;
			children = (
				83668324133341ED007ED4B9 /* boot.rb */,
				830605EB1329A4630076F243 /* main.m */,
				830606011329A5240076F243 /* Info.plist */,
				830606031329A52C0076F243 /* Icon.icns */,
				830605FF1329A5060076F243 /* main.rb */,
				8306060D1329A60F0076F243 /* Gemfile */,
			);
			name = "Supporting Files";
			sourceTree = "<group>";
		};
		83564A44132C213500BAE819 /* Thud */ = {
			isa = PBXGroup;
			children = (
				8319A2A5132B7F33000531C3 /* SubmitPage.rb */,
				8319A2A6132B7F33000531C3 /* TagPage.rb */,
				8319A2A8132B7F33000531C3 /* TemplateContext.rb */,
				8319A2A9132B7F33000531C3 /* TextPost.rb */,
				8319A2D5132B7F51000531C3 /* AnswerPost.rb */,
				8319A2D8132B7F51000531C3 /* AskPage.rb */,
				8319A2D9132B7F51000531C3 /* AudioPost.rb */,
				8319A2DB132B7F51000531C3 /* ChatPost.rb */,
				8319A2DD132B7F51000531C3 /* CustomPage.rb */,
				8319A2DE132B7F51000531C3 /* DayPage.rb */,
				8319A2AB132B7F33000531C3 /* VideoPost.rb */,
				8319A2BA132B7F4A000531C3 /* IndexPage.rb */,
				8319A2BB132B7F4A000531C3 /* LinkPost.rb */,
				8319A2BD132B7F4A000531C3 /* Page.rb */,
				8319A2BF132B7F4A000531C3 /* PermalinkPage.rb */,
				8319A2C0132B7F4A000531C3 /* PhotoPost.rb */,
				8319A2C1132B7F4A000531C3 /* Post.rb */,
				8319A2C2132B7F4A000531C3 /* QuotePost.rb */,
				8319A2C4132B7F4A000531C3 /* SearchPage.rb */,
			);
			name = Thud;
			sourceTree = "<group>";
		};
		83564A45132C214400BAE819 /* Tuml */ = {
			isa = PBXGroup;
			children = (
				83668322133337D0007ED4B9 /* Tuml.tt */,
				83668320133337BF007ED4B9 /* Tuml.rb */,
				8319A2A7132B7F33000531C3 /* Template.rb */,
				8319A2DA132B7F51000531C3 /* BlockFilter.rb */,
				8319A2B8132B7F4A000531C3 /* Generator.rb */,
				8319A2B7132B7F4A000531C3 /* Engine.rb */,
				8319A2B9132B7F4A000531C3 /* helpers.rb */,
				8319A2BE132B7F4A000531C3 /* Parser.rb */,
				8319A2C3132B7F4A000531C3 /* ScopeFilter.rb */,
			);
			name = Tuml;
			sourceTree = "<group>";
		};
/* End PBXGroup section */

/* Begin PBXLegacyTarget section */
		835C5D9D133C285600A6CF12 /* Deployment */ = {
			isa = PBXLegacyTarget;
			buildArgumentsString = "--compile --embed";
			buildConfigurationList = 835C5DB3133C285600A6CF12 /* Build configuration list for PBXLegacyTarget "Deployment" */;
			buildPhases = (
			);
			buildToolPath = /usr/local/bin/macruby_deploy;
			dependencies = (
				837A7A2013528DB50042939B /* PBXTargetDependency */,
			);
			name = Deployment;
			passBuildSettingsInEnvironment = 1;
			productName = Deployment;
		};
/* End PBXLegacyTarget section */

/* Begin PBXNativeTarget section */
		835C5D98133C285600A6CF12 /* Rollr */ = {
			isa = PBXNativeTarget;
			buildConfigurationList = 835C5DB0133C285600A6CF12 /* Build configuration list for PBXNativeTarget "Rollr" */;
			buildPhases = (
				835C5D95133C285600A6CF12 /* Sources */,
				835C5D96133C285600A6CF12 /* Frameworks */,
				835C5D97133C285600A6CF12 /* Resources */,
				8349687D13533FE40099B050 /* ShellScript */,
			);
			buildRules = (
			);
			dependencies = (
			);
			name = Rollr;
			productName = Rollr;
			productReference = 835C5D99133C285600A6CF12 /* Rollr.app */;
			productType = "com.apple.product-type.application";
		};
/* End PBXNativeTarget section */

/* Begin PBXProject section */
		830605CF1329A4200076F243 /* Project object */ = {
			isa = PBXProject;
			attributes = {
				ORGANIZATIONNAME = "Chris Lloyd";
			};
			buildConfigurationList = 830605D21329A4200076F243 /* Build configuration list for PBXProject "Rollr" */;
			compatibilityVersion = "Xcode 3.2";
			developmentRegion = English;
			hasScannedForEncodings = 0;
			knownRegions = (
				en,
			);
			mainGroup = 830605CD1329A4200076F243;
			productRefGroup = 830605DB1329A4630076F243 /* Products */;
			projectDirPath = "";
			projectRoot = "";
			targets = (
				835C5D98133C285600A6CF12 /* Rollr */,
				835C5D9D133C285600A6CF12 /* Deployment */,
			);
		};
/* End PBXProject section */

/* Begin PBXResourcesBuildPhase section */
		835C5D97133C285600A6CF12 /* Resources */ = {
			isa = PBXResourcesBuildPhase;
			buildActionMask = 2147483647;
			files = (
				835C5DB6133C289A00A6CF12 /* Icon.icns in Resources */,
				83A5285B133C3B6900DA8D9A /* HTTPRequest.rb in Resources */,
				83A5285C133C3B6900DA8D9A /* AppController.rb in Resources */,
				83A5285D133C3B6900DA8D9A /* AppDelegate.rb in Resources */,
				83A5285E133C3B6900DA8D9A /* CoreExt.rb in Resources */,
				83A5285F133C3B6900DA8D9A /* UserTemplate.rb in Resources */,
				83A52860133C3B6900DA8D9A /* WebView.rb in Resources */,
				83A52861133C3B6900DA8D9A /* ArrowView.rb in Resources */,
				83A52862133C3B6900DA8D9A /* DropView.rb in Resources */,
				83A52863133C3B6900DA8D9A /* MainWindow.rb in Resources */,
				83A52864133C3B6D00DA8D9A /* boot.rb in Resources */,
				83A52866133C3B7600DA8D9A /* Info.plist in Resources */,
				83A52867133C3B7600DA8D9A /* main.rb in Resources */,
				83A52868133C3B7900DA8D9A /* OptionsView.rb in Resources */,
				83A5286A133C3B7E00DA8D9A /* Tuml.rb in Resources */,
				83A5286B133C3B7E00DA8D9A /* Template.rb in Resources */,
				83A5286C133C3B7E00DA8D9A /* BlockFilter.rb in Resources */,
				83A5286D133C3B7E00DA8D9A /* Generator.rb in Resources */,
				83A5286E133C3B7E00DA8D9A /* Engine.rb in Resources */,
				83A5286F133C3B7E00DA8D9A /* helpers.rb in Resources */,
				83A52870133C3B7E00DA8D9A /* Parser.rb in Resources */,
				83A52871133C3B7E00DA8D9A /* ScopeFilter.rb in Resources */,
				83A52872133C3B8700DA8D9A /* SubmitPage.rb in Resources */,
				83A52873133C3B8700DA8D9A /* TagPage.rb in Resources */,
				83A52874133C3B8700DA8D9A /* TemplateContext.rb in Resources */,
				83A52875133C3B8700DA8D9A /* TextPost.rb in Resources */,
				83A52876133C3B8700DA8D9A /* AnswerPost.rb in Resources */,
				83A52877133C3B8700DA8D9A /* AskPage.rb in Resources */,
				83A52878133C3B8700DA8D9A /* AudioPost.rb in Resources */,
				83A52879133C3B8700DA8D9A /* ChatPost.rb in Resources */,
				83A5287A133C3B8700DA8D9A /* CustomPage.rb in Resources */,
				83A5287B133C3B8700DA8D9A /* DayPage.rb in Resources */,
				83A5287C133C3B8700DA8D9A /* VideoPost.rb in Resources */,
				83A5287D133C3B8700DA8D9A /* IndexPage.rb in Resources */,
				83A5287E133C3B8700DA8D9A /* LinkPost.rb in Resources */,
				83A5287F133C3B8700DA8D9A /* Page.rb in Resources */,
				83A52880133C3B8700DA8D9A /* PermalinkPage.rb in Resources */,
				83A52881133C3B8700DA8D9A /* PhotoPost.rb in Resources */,
				83A52882133C3B8700DA8D9A /* Post.rb in Resources */,
				83A52883133C3B8700DA8D9A /* QuotePost.rb in Resources */,
				83A52884133C3B8700DA8D9A /* SearchPage.rb in Resources */,
			);
			runOnlyForDeploymentPostprocessing = 0;
		};
/* End PBXResourcesBuildPhase section */

/* Begin PBXShellScriptBuildPhase section */
		8349687D13533FE40099B050 /* ShellScript */ = {
			isa = PBXShellScriptBuildPhase;
			buildActionMask = 2147483647;
			files = (
			);
			inputPaths = (
			);
			outputPaths = (
			);
			runOnlyForDeploymentPostprocessing = 0;
			shellPath = /bin/sh;
			shellScript = "";
		};
/* End PBXShellScriptBuildPhase section */

/* Begin PBXSourcesBuildPhase section */
		835C5D95133C285600A6CF12 /* Sources */ = {
			isa = PBXSourcesBuildPhase;
			buildActionMask = 2147483647;
			files = (
				83A52865133C3B7600DA8D9A /* main.m in Sources */,
			);
			runOnlyForDeploymentPostprocessing = 0;
		};
/* End PBXSourcesBuildPhase section */

/* Begin PBXTargetDependency section */
		837A7A2013528DB50042939B /* PBXTargetDependency */ = {
			isa = PBXTargetDependency;
			target = 835C5D98133C285600A6CF12 /* Rollr */;
			targetProxy = 837A7A1F13528DB50042939B /* PBXContainerItemProxy */;
		};
/* End PBXTargetDependency section */

/* Begin XCBuildConfiguration section */
		830605D41329A4200076F243 /* Debug */ = {
			isa = XCBuildConfiguration;
			buildSettings = {
			};
			name = Debug;
		};
		830605D51329A4200076F243 /* Release */ = {
			isa = XCBuildConfiguration;
			buildSettings = {
			};
			name = Release;
		};
		835C5DB1133C285600A6CF12 /* Debug */ = {
			isa = XCBuildConfiguration;
			buildSettings = {
				ALWAYS_SEARCH_USER_PATHS = NO;
				ARCHS = "$(ARCHS_STANDARD_64_BIT)";
				COPY_PHASE_STRIP = NO;
				GCC_C_LANGUAGE_STANDARD = gnu99;
				GCC_DYNAMIC_NO_PIC = NO;
				GCC_ENABLE_OBJC_EXCEPTIONS = YES;
				GCC_ENABLE_OBJC_GC = required;
				GCC_OPTIMIZATION_LEVEL = 0;
				GCC_PRECOMPILE_PREFIX_HEADER = NO;
				GCC_PREFIX_HEADER = "";
				GCC_PREPROCESSOR_DEFINITIONS = DEBUG;
				GCC_SYMBOLS_PRIVATE_EXTERN = NO;
				GCC_VERSION = com.apple.compilers.llvm.clang.1_0;
				GCC_WARN_64_TO_32_BIT_CONVERSION = YES;
				GCC_WARN_ABOUT_RETURN_TYPE = YES;
				GCC_WARN_UNUSED_VARIABLE = YES;
				INFOPLIST_FILE = Info.plist;
				MACOSX_DEPLOYMENT_TARGET = 10.6;
				ONLY_ACTIVE_ARCH = YES;
				PRODUCT_NAME = "$(TARGET_NAME)";
				SDKROOT = macosx;
				WRAPPER_EXTENSION = app;
			};
			name = Debug;
		};
		835C5DB2133C285600A6CF12 /* Release */ = {
			isa = XCBuildConfiguration;
			buildSettings = {
				ALWAYS_SEARCH_USER_PATHS = NO;
				ARCHS = "$(ARCHS_STANDARD_64_BIT)";
				COPY_PHASE_STRIP = YES;
				DEBUG_INFORMATION_FORMAT = "dwarf-with-dsym";
				GCC_C_LANGUAGE_STANDARD = gnu99;
				GCC_ENABLE_OBJC_EXCEPTIONS = YES;
				GCC_ENABLE_OBJC_GC = required;
				GCC_PRECOMPILE_PREFIX_HEADER = NO;
				GCC_PREFIX_HEADER = "";
				GCC_VERSION = com.apple.compilers.llvm.clang.1_0;
				GCC_WARN_64_TO_32_BIT_CONVERSION = YES;
				GCC_WARN_ABOUT_RETURN_TYPE = YES;
				GCC_WARN_UNUSED_VARIABLE = YES;
				INFOPLIST_FILE = Info.plist;
				MACOSX_DEPLOYMENT_TARGET = 10.6;
				PRODUCT_NAME = "$(TARGET_NAME)";
				SDKROOT = macosx;
				WRAPPER_EXTENSION = app;
			};
			name = Release;
		};
		835C5DB4133C285600A6CF12 /* Debug */ = {
			isa = XCBuildConfiguration;
			buildSettings = {
				ARCHS = "$(ARCHS_STANDARD_64_BIT)";
				GCC_C_LANGUAGE_STANDARD = gnu99;
				GCC_OPTIMIZATION_LEVEL = 0;
				GCC_PREPROCESSOR_DEFINITIONS = DEBUG;
				GCC_SYMBOLS_PRIVATE_EXTERN = NO;
				GCC_VERSION = com.apple.compilers.llvm.clang.1_0;
				GCC_WARN_64_TO_32_BIT_CONVERSION = YES;
				GCC_WARN_ABOUT_RETURN_TYPE = YES;
				GCC_WARN_UNUSED_VARIABLE = YES;
				MACOSX_DEPLOYMENT_TARGET = 10.6;
				ONLY_ACTIVE_ARCH = YES;
				SDKROOT = macosx;
			};
			name = Debug;
		};
		835C5DB5133C285600A6CF12 /* Release */ = {
			isa = XCBuildConfiguration;
			buildSettings = {
				ARCHS = "$(ARCHS_STANDARD_64_BIT)";
				GCC_C_LANGUAGE_STANDARD = gnu99;
				GCC_VERSION = com.apple.compilers.llvm.clang.1_0;
				GCC_WARN_64_TO_32_BIT_CONVERSION = YES;
				GCC_WARN_ABOUT_RETURN_TYPE = YES;
				GCC_WARN_UNUSED_VARIABLE = YES;
				MACOSX_DEPLOYMENT_TARGET = 10.6;
				SDKROOT = macosx;
			};
			name = Release;
		};
/* End XCBuildConfiguration section */

/* Begin XCConfigurationList section */
		830605D21329A4200076F243 /* Build configuration list for PBXProject "Rollr" */ = {
			isa = XCConfigurationList;
			buildConfigurations = (
				830605D41329A4200076F243 /* Debug */,
				830605D51329A4200076F243 /* Release */,
			);
			defaultConfigurationIsVisible = 0;
			defaultConfigurationName = Release;
		};
		835C5DB0133C285600A6CF12 /* Build configuration list for PBXNativeTarget "Rollr" */ = {
			isa = XCConfigurationList;
			buildConfigurations = (
				835C5DB1133C285600A6CF12 /* Debug */,
				835C5DB2133C285600A6CF12 /* Release */,
			);
			defaultConfigurationIsVisible = 0;
			defaultConfigurationName = Release;
		};
		835C5DB3133C285600A6CF12 /* Build configuration list for PBXLegacyTarget "Deployment" */ = {
			isa = XCConfigurationList;
			buildConfigurations = (
				835C5DB4133C285600A6CF12 /* Debug */,
				835C5DB5133C285600A6CF12 /* Release */,
			);
			defaultConfigurationIsVisible = 0;
			defaultConfigurationName = Release;
		};
/* End XCConfigurationList section */
	};
	rootObject = 830605CF1329A4200076F243 /* Project object */;
}
